
Microsoft Visual Studio Solution File, Format Version 12.00
# Visual Studio Version 17
VisualStudioVersion = 17.14.36414.22 d17.14
MinimumVisualStudioVersion = 10.0.40219.1
Project("{FAE04EC0-301F-11D3-BF4B-00C04F79EFBC}") = "promo-web", "promo-web\promo-web.csproj", "{37CAF72C-7F33-4968-95C8-36573293AC59}"
EndProject
Global
	GlobalSection(SolutionConfigurationPlatforms) = preSolution
		Debug|Any CPU = Debug|Any CPU
		Release|Any CPU = Release|Any CPU
	EndGlobalSection
	GlobalSection(ProjectConfigurationPlatforms) = postSolution
		{37CAF72C-7F33-4968-95C8-36573293AC59}.Debug|Any CPU.ActiveCfg = Debug|Any CPU
		{37CAF72C-7F33-4968-95C8-36573293AC59}.Debug|Any CPU.Build.0 = Debug|Any CPU
		{37CAF72C-7F33-4968-95C8-36573293AC59}.Release|Any CPU.ActiveCfg = Release|Any CPU
		{37CAF72C-7F33-4968-95C8-36573293AC59}.Release|Any CPU.Build.0 = Release|Any CPU
	EndGlobalSection
	GlobalSection(SolutionProperties) = preSolution
		HideSolutionNode = FALSE
	EndGlobalSection
	GlobalSection(ExtensibilityGlobals) = postSolution
		SolutionGuid = {95A50320-3366-441A-AA3A-7AF9B393684F}
	EndGlobalSection
EndGlobal
