
Microsoft Visual Studio Solution File, Format Version 12.00
# Visual Studio Version 17
VisualStudioVersion = 17.14.36414.22
MinimumVisualStudioVersion = 10.0.40219.1
Project("{FAE04EC0-301F-11D3-BF4B-00C04F79EFBC}") = "promo-web", "promo-web\promo-web.csproj", "{610B139E-67EB-47A1-B71E-08D895053560}"
EndProject
Project("{FAE04EC0-301F-11D3-BF4B-00C04F79EFBC}") = "dominio", "dominio\dominio.csproj", "{90481BE3-B362-4D7B-9FD2-94A256658E12}"
EndProject
Project("{FAE04EC0-301F-11D3-BF4B-00C04F79EFBC}") = "negocio", "negocio\negocio.csproj", "{14C043E8-1CA6-4A3C-A9F6-C08300A7C5AB}"
EndProject
Global
	GlobalSection(SolutionConfigurationPlatforms) = preSolution
		Debug|Any CPU = Debug|Any CPU
		Release|Any CPU = Release|Any CPU
	EndGlobalSection
	GlobalSection(ProjectConfigurationPlatforms) = postSolution
		{610B139E-67EB-47A1-B71E-08D895053560}.Debug|Any CPU.ActiveCfg = Debug|Any CPU
		{610B139E-67EB-47A1-B71E-08D895053560}.Debug|Any CPU.Build.0 = Debug|Any CPU
		{610B139E-67EB-47A1-B71E-08D895053560}.Release|Any CPU.ActiveCfg = Release|Any CPU
		{610B139E-67EB-47A1-B71E-08D895053560}.Release|Any CPU.Build.0 = Release|Any CPU
		{90481BE3-B362-4D7B-9FD2-94A256658E12}.Debug|Any CPU.ActiveCfg = Debug|Any CPU
		{90481BE3-B362-4D7B-9FD2-94A256658E12}.Debug|Any CPU.Build.0 = Debug|Any CPU
		{90481BE3-B362-4D7B-9FD2-94A256658E12}.Release|Any CPU.ActiveCfg = Release|Any CPU
		{90481BE3-B362-4D7B-9FD2-94A256658E12}.Release|Any CPU.Build.0 = Release|Any CPU
		{14C043E8-1CA6-4A3C-A9F6-C08300A7C5AB}.Debug|Any CPU.ActiveCfg = Debug|Any CPU
		{14C043E8-1CA6-4A3C-A9F6-C08300A7C5AB}.Debug|Any CPU.Build.0 = Debug|Any CPU
		{14C043E8-1CA6-4A3C-A9F6-C08300A7C5AB}.Release|Any CPU.ActiveCfg = Release|Any CPU
		{14C043E8-1CA6-4A3C-A9F6-C08300A7C5AB}.Release|Any CPU.Build.0 = Release|Any CPU
	EndGlobalSection
	GlobalSection(SolutionProperties) = preSolution
		HideSolutionNode = FALSE
	EndGlobalSection
	GlobalSection(ExtensibilityGlobals) = postSolution
		SolutionGuid = {E9C1E209-8F30-4DBB-8E4D-FF72F294213B}
	EndGlobalSection
EndGlobal
